# This file is automatically @generated by Cargo.
# It is not intended for manual editing.
version = 3

[[package]]
name = "asmdl"
version = "0.1.0"
dependencies = [
 "registir",
]

[[package]]
name = "asmdl_cli"
version = "0.1.0"
dependencies = [
 "asmdl",
]

[[package]]
name = "registir"
version = "0.1.0"
